
Microsoft Visual Studio Solution File, Format Version 12.00
# Visual Studio Version 17
VisualStudioVersion = 17.4.33205.214
MinimumVisualStudioVersion = 10.0.40219.1
Project("{9A19103F-16F7-4668-BE54-9A1E7A4F7556}") = "DirectoryPackagesTools", "src\DirectoryPackagesTools\DirectoryPackagesTools.csproj", "{3C7F955E-F81F-4088-BB00-F55D7555CE44}"
EndProject
Project("{9A19103F-16F7-4668-BE54-9A1E7A4F7556}") = "DirectoryPackagesTools.Tests", "src\DirectoryPackagesTools.Tests\DirectoryPackagesTools.Tests.csproj", "{637691A3-8710-4561-95CC-DBF25A2AF140}"
EndProject
Project("{9A19103F-16F7-4668-BE54-9A1E7A4F7556}") = "DirectoryPackagesTools.WPF.App", "src\DirectoryPackagesTools.WPF.App\DirectoryPackagesTools.WPF.App.csproj", "{AC2DFBB6-E46F-486C-9EF7-3C7281B29C74}"
EndProject
Global
	GlobalSection(SolutionConfigurationPlatforms) = preSolution
		Debug|Any CPU = Debug|Any CPU
		Release|Any CPU = Release|Any CPU
	EndGlobalSection
	GlobalSection(ProjectConfigurationPlatforms) = postSolution
		{3C7F955E-F81F-4088-BB00-F55D7555CE44}.Debug|Any CPU.ActiveCfg = Debug|Any CPU
		{3C7F955E-F81F-4088-BB00-F55D7555CE44}.Debug|Any CPU.Build.0 = Debug|Any CPU
		{3C7F955E-F81F-4088-BB00-F55D7555CE44}.Release|Any CPU.ActiveCfg = Release|Any CPU
		{3C7F955E-F81F-4088-BB00-F55D7555CE44}.Release|Any CPU.Build.0 = Release|Any CPU
		{637691A3-8710-4561-95CC-DBF25A2AF140}.Debug|Any CPU.ActiveCfg = Debug|Any CPU
		{637691A3-8710-4561-95CC-DBF25A2AF140}.Debug|Any CPU.Build.0 = Debug|Any CPU
		{637691A3-8710-4561-95CC-DBF25A2AF140}.Release|Any CPU.ActiveCfg = Release|Any CPU
		{637691A3-8710-4561-95CC-DBF25A2AF140}.Release|Any CPU.Build.0 = Release|Any CPU
		{AC2DFBB6-E46F-486C-9EF7-3C7281B29C74}.Debug|Any CPU.ActiveCfg = Debug|Any CPU
		{AC2DFBB6-E46F-486C-9EF7-3C7281B29C74}.Debug|Any CPU.Build.0 = Debug|Any CPU
		{AC2DFBB6-E46F-486C-9EF7-3C7281B29C74}.Release|Any CPU.ActiveCfg = Release|Any CPU
		{AC2DFBB6-E46F-486C-9EF7-3C7281B29C74}.Release|Any CPU.Build.0 = Release|Any CPU
	EndGlobalSection
	GlobalSection(SolutionProperties) = preSolution
		HideSolutionNode = FALSE
	EndGlobalSection
	GlobalSection(ExtensibilityGlobals) = postSolution
		SolutionGuid = {C14C80CA-5667-43D1-9794-7EB90892991F}
	EndGlobalSection
EndGlobal
